// !$*UTF8*$!
{
	archiveVersion = 1;
	classes = {
	};
	objectVersion = 46;
	objects = {

/* Begin PBXBuildFile section */
		FB43F2CB1A01082900F8DC8D /* AppDelegate.swift in Sources */ = {isa = PBXBuildFile; fileRef = FB43F2CA1A01082900F8DC8D /* AppDelegate.swift */; };
		FB43F2CD1A01082900F8DC8D /* ViewController.swift in Sources */ = {isa = PBXBuildFile; fileRef = FB43F2CC1A01082900F8DC8D /* ViewController.swift */; };
		FB43F2D01A01082900F8DC8D /* Main.storyboard in Resources */ = {isa = PBXBuildFile; fileRef = FB43F2CE1A01082900F8DC8D /* Main.storyboard */; };
		FB43F2D21A01082900F8DC8D /* Images.xcassets in Resources */ = {isa = PBXBuildFile; fileRef = FB43F2D11A01082900F8DC8D /* Images.xcassets */; };
		FB43F2D51A01082900F8DC8D /* LaunchScreen.xib in Resources */ = {isa = PBXBuildFile; fileRef = FB43F2D31A01082900F8DC8D /* LaunchScreen.xib */; };
		FB43F2E11A01082900F8DC8D /* ShoeConverterTests.swift in Sources */ = {isa = PBXBuildFile; fileRef = FB43F2E01A01082900F8DC8D /* ShoeConverterTests.swift */; };
/* End PBXBuildFile section */

/* Begin PBXContainerItemProxy section */
		FB43F2DB1A01082900F8DC8D /* PBXContainerItemProxy */ = {
			isa = PBXContainerItemProxy;
			containerPortal = FB43F2BD1A01082900F8DC8D /* Project object */;
			proxyType = 1;
			remoteGlobalIDString = FB43F2C41A01082900F8DC8D;
			remoteInfo = ShoeConverter;
		};
/* End PBXContainerItemProxy section */

/* Begin PBXFileReference section */
		FB43F2C51A01082900F8DC8D /* ShoeConverter.app */ = {isa = PBXFileReference; explicitFileType = wrapper.application; includeInIndex = 0; path = ShoeConverter.app; sourceTree = BUILT_PRODUCTS_DIR; };
		FB43F2C91A01082900F8DC8D /* Info.plist */ = {isa = PBXFileReference; lastKnownFileType = text.plist.xml; path = Info.plist; sourceTree = "<group>"; };
		FB43F2CA1A01082900F8DC8D /* AppDelegate.swift */ = {isa = PBXFileReference; lastKnownFileType = sourcecode.swift; path = AppDelegate.swift; sourceTree = "<group>"; };
		FB43F2CC1A01082900F8DC8D /* ViewController.swift */ = {isa = PBXFileReference; lastKnownFileType = sourcecode.swift; path = ViewController.swift; sourceTree = "<group>"; };
		FB43F2CF1A01082900F8DC8D /* Base */ = {isa = PBXFileReference; lastKnownFileType = file.storyboard; name = Base; path = Base.lproj/Main.storyboard; sourceTree = "<group>"; };
		FB43F2D11A01082900F8DC8D /* Images.xcassets */ = {isa = PBXFileReference; lastKnownFileType = folder.assetcatalog; path = Images.xcassets; sourceTree = "<group>"; };
		FB43F2D41A01082900F8DC8D /* Base */ = {isa = PBXFileReference; lastKnownFileType = file.xib; name = Base; path = Base.lproj/LaunchScreen.xib; sourceTree = "<group>"; };
		FB43F2DA1A01082900F8DC8D /* ShoeConverterTests.xctest */ = {isa = PBXFileReference; explicitFileType = wrapper.cfbundle; includeInIndex = 0; path = ShoeConverterTests.xctest; sourceTree = BUILT_PRODUCTS_DIR; };
		FB43F2DF1A01082900F8DC8D /* Info.plist */ = {isa = PBXFileReference; lastKnownFileType = text.plist.xml; path = Info.plist; sourceTree = "<group>"; };
		FB43F2E01A01082900F8DC8D /* ShoeConverterTests.swift */ = {isa = PBXFileReference; lastKnownFileType = sourcecode.swift; path = ShoeConverterTests.swift; sourceTree = "<group>"; };
/* End PBXFileReference section */

/* Begin PBXFrameworksBuildPhase section */
		FB43F2C21A01082900F8DC8D /* Frameworks */ = {
			isa = PBXFrameworksBuildPhase;
			buildActionMask = 2147483647;
			files = (
			);
			runOnlyForDeploymentPostprocessing = 0;
		};
		FB43F2D71A01082900F8DC8D /* Frameworks */ = {
			isa = PBXFrameworksBuildPhase;
			buildActionMask = 2147483647;
			files = (
			);
			runOnlyForDeploymentPostprocessing = 0;
		};
/* End PBXFrameworksBuildPhase section */

/* Begin PBXGroup section */
		FB43F2BC1A01082900F8DC8D = {
			isa = PBXGroup;
			children = (
				FB43F2C71A01082900F8DC8D /* ShoeConverter */,
				FB43F2DD1A01082900F8DC8D /* ShoeConverterTests */,
				FB43F2C61A01082900F8DC8D /* Products */,
			);
			sourceTree = "<group>";
		};
		FB43F2C61A01082900F8DC8D /* Products */ = {
			isa = PBXGroup;
			children = (
				FB43F2C51A01082900F8DC8D /* ShoeConverter.app */,
				FB43F2DA1A01082900F8DC8D /* ShoeConverterTests.xctest */,
			);
			name = Products;
			sourceTree = "<group>";
		};
		FB43F2C71A01082900F8DC8D /* ShoeConverter */ = {
			isa = PBXGroup;
			children = (
				FB43F2CA1A01082900F8DC8D /* AppDelegate.swift */,
				FB43F2CC1A01082900F8DC8D /* ViewController.swift */,
				FB43F2CE1A01082900F8DC8D /* Main.storyboard */,
				FB43F2D11A01082900F8DC8D /* Images.xcassets */,
				FB43F2D31A01082900F8DC8D /* LaunchScreen.xib */,
				FB43F2C81A01082900F8DC8D /* Supporting Files */,
			);
			path = ShoeConverter;
			sourceTree = "<group>";
		};
		FB43F2C81A01082900F8DC8D /* Supporting Files */ = {
			isa = PBXGroup;
			children = (
				FB43F2C91A01082900F8DC8D /* Info.plist */,
			);
			name = "Supporting Files";
			sourceTree = "<group>";
		};
		FB43F2DD1A01082900F8DC8D /* ShoeConverterTests */ = {
			isa = PBXGroup;
			children = (
				FB43F2E01A01082900F8DC8D /* ShoeConverterTests.swift */,
				FB43F2DE1A01082900F8DC8D /* Supporting Files */,
			);
			path = ShoeConverterTests;
			sourceTree = "<group>";
		};
		FB43F2DE1A01082900F8DC8D /* Supporting Files */ = {
			isa = PBXGroup;
			children = (
				FB43F2DF1A01082900F8DC8D /* Info.plist */,
			);
			name = "Supporting Files";
			sourceTree = "<group>";
		};
/* End PBXGroup section */

/* Begin PBXNativeTarget section */
		FB43F2C41A01082900F8DC8D /* ShoeConverter */ = {
			isa = PBXNativeTarget;
			buildConfigurationList = FB43F2E41A01082900F8DC8D /* Build configuration list for PBXNativeTarget "ShoeConverter" */;
			buildPhases = (
				FB43F2C11A01082900F8DC8D /* Sources */,
				FB43F2C21A01082900F8DC8D /* Frameworks */,
				FB43F2C31A01082900F8DC8D /* Resources */,
			);
			buildRules = (
			);
			dependencies = (
			);
			name = ShoeConverter;
			productName = ShoeConverter;
			productReference = FB43F2C51A01082900F8DC8D /* ShoeConverter.app */;
			productType = "com.apple.product-type.application";
		};
		FB43F2D91A01082900F8DC8D /* ShoeConverterTests */ = {
			isa = PBXNativeTarget;
			buildConfigurationList = FB43F2E71A01082900F8DC8D /* Build configuration list for PBXNativeTarget "ShoeConverterTests" */;
			buildPhases = (
				FB43F2D61A01082900F8DC8D /* Sources */,
				FB43F2D71A01082900F8DC8D /* Frameworks */,
				FB43F2D81A01082900F8DC8D /* Resources */,
			);
			buildRules = (
			);
			dependencies = (
				FB43F2DC1A01082900F8DC8D /* PBXTargetDependency */,
			);
			name = ShoeConverterTests;
			productName = ShoeConverterTests;
			productReference = FB43F2DA1A01082900F8DC8D /* ShoeConverterTests.xctest */;
			productType = "com.apple.product-type.bundle.unit-test";
		};
/* End PBXNativeTarget section */

/* Begin PBXProject section */
		FB43F2BD1A01082900F8DC8D /* Project object */ = {
			isa = PBXProject;
			attributes = {
				LastUpgradeCheck = 0610;
				ORGANIZATIONNAME = "Hongsun Yoon, M.D.";
				TargetAttributes = {
					FB43F2C41A01082900F8DC8D = {
						CreatedOnToolsVersion = 6.1;
					};
					FB43F2D91A01082900F8DC8D = {
						CreatedOnToolsVersion = 6.1;
						TestTargetID = FB43F2C41A01082900F8DC8D;
					};
				};
			};
			buildConfigurationList = FB43F2C01A01082900F8DC8D /* Build configuration list for PBXProject "ShoeConverter" */;
			compatibilityVersion = "Xcode 3.2";
			developmentRegion = English;
			hasScannedForEncodings = 0;
			knownRegions = (
				en,
				Base,
			);
			mainGroup = FB43F2BC1A01082900F8DC8D;
			productRefGroup = FB43F2C61A01082900F8DC8D /* Products */;
			projectDirPath = "";
			projectRoot = "";
			targets = (
				FB43F2C41A01082900F8DC8D /* ShoeConverter */,
				FB43F2D91A01082900F8DC8D /* ShoeConverterTests */,
			);
		};
/* End PBXProject section */

/* Begin PBXResourcesBuildPhase section */
		FB43F2C31A01082900F8DC8D /* Resources */ = {
			isa = PBXResourcesBuildPhase;
			buildActionMask = 2147483647;
			files = (
				FB43F2D01A01082900F8DC8D /* Main.storyboard in Resources */,
				FB43F2D51A01082900F8DC8D /* LaunchScreen.xib in Resources */,
				FB43F2D21A01082900F8DC8D /* Images.xcassets in Resources */,
			);
			runOnlyForDeploymentPostprocessing = 0;
		};
		FB43F2D81A01082900F8DC8D /* Resources */ = {
			isa = PBXResourcesBuildPhase;
			buildActionMask = 2147483647;
			files = (
			);
			runOnlyForDeploymentPostprocessing = 0;
		};
/* End PBXResourcesBuildPhase section */

/* Begin PBXSourcesBuildPhase section */
		FB43F2C11A01082900F8DC8D /* Sources */ = {
			isa = PBXSourcesBuildPhase;
			buildActionMask = 2147483647;
			files = (
				FB43F2CD1A01082900F8DC8D /* ViewController.swift in Sources */,
				FB43F2CB1A01082900F8DC8D /* AppDelegate.swift in Sources */,
			);
			runOnlyForDeploymentPostprocessing = 0;
		};
		FB43F2D61A01082900F8DC8D /* Sources */ = {
			isa = PBXSourcesBuildPhase;
			buildActionMask = 2147483647;
			files = (
				FB43F2E11A01082900F8DC8D /* ShoeConverterTests.swift in Sources */,
			);
			runOnlyForDeploymentPostprocessing = 0;
		};
/* End PBXSourcesBuildPhase section */

/* Begin PBXTargetDependency section */
		FB43F2DC1A01082900F8DC8D /* PBXTargetDependency */ = {
			isa = PBXTargetDependency;
			target = FB43F2C41A01082900F8DC8D /* ShoeConverter */;
			targetProxy = FB43F2DB1A01082900F8DC8D /* PBXContainerItemProxy */;
		};
/* End PBXTargetDependency section */

/* Begin PBXVariantGroup section */
		FB43F2CE1A01082900F8DC8D /* Main.storyboard */ = {
			isa = PBXVariantGroup;
			children = (
				FB43F2CF1A01082900F8DC8D /* Base */,
			);
			name = Main.storyboard;
			sourceTree = "<group>";
		};
		FB43F2D31A01082900F8DC8D /* LaunchScreen.xib */ = {
			isa = PBXVariantGroup;
			children = (
				FB43F2D41A01082900F8DC8D /* Base */,
			);
			name = LaunchScreen.xib;
			sourceTree = "<group>";
		};
/* End PBXVariantGroup section */

/* Begin XCBuildConfiguration section */
		FB43F2E21A01082900F8DC8D /* Debug */ = {
			isa = XCBuildConfiguration;
			buildSettings = {
				ALWAYS_SEARCH_USER_PATHS = NO;
				CLANG_CXX_LANGUAGE_STANDARD = "gnu++0x";
				CLANG_CXX_LIBRARY = "libc++";
				CLANG_ENABLE_MODULES = YES;
				CLANG_ENABLE_OBJC_ARC = YES;
				CLANG_WARN_BOOL_CONVERSION = YES;
				CLANG_WARN_CONSTANT_CONVERSION = YES;
				CLANG_WARN_DIRECT_OBJC_ISA_USAGE = YES_ERROR;
				CLANG_WARN_EMPTY_BODY = YES;
				CLANG_WARN_ENUM_CONVERSION = YES;
				CLANG_WARN_INT_CONVERSION = YES;
				CLANG_WARN_OBJC_ROOT_CLASS = YES_ERROR;
				CLANG_WARN_UNREACHABLE_CODE = YES;
				CLANG_WARN__DUPLICATE_METHOD_MATCH = YES;
				"CODE_SIGN_IDENTITY[sdk=iphoneos*]" = "iPhone Developer";
				COPY_PHASE_STRIP = NO;
				ENABLE_STRICT_OBJC_MSGSEND = YES;
				GCC_C_LANGUAGE_STANDARD = gnu99;
				GCC_DYNAMIC_NO_PIC = NO;
				GCC_OPTIMIZATION_LEVEL = 0;
				GCC_PREPROCESSOR_DEFINITIONS = (
					"DEBUG=1",
					"$(inherited)",
				);
				GCC_SYMBOLS_PRIVATE_EXTERN = NO;
				GCC_WARN_64_TO_32_BIT_CONVERSION = YES;
				GCC_WARN_ABOUT_RETURN_TYPE = YES_ERROR;
				GCC_WARN_UNDECLARED_SELECTOR = YES;
				GCC_WARN_UNINITIALIZED_AUTOS = YES_AGGRESSIVE;
				GCC_WARN_UNUSED_FUNCTION = YES;
				GCC_WARN_UNUSED_VARIABLE = YES;
				IPHONEOS_DEPLOYMENT_TARGET = 8.1;
				MTL_ENABLE_DEBUG_INFO = YES;
				ONLY_ACTIVE_ARCH = YES;
				SDKROOT = iphoneos;
				SWIFT_OPTIMIZATION_LEVEL = "-Onone";
				TARGETED_DEVICE_FAMILY = "1,2";
			};
			name = Debug;
		};
		FB43F2E31A01082900F8DC8D /* Release */ = {
			isa = XCBuildConfiguration;
			buildSettings = {
				ALWAYS_SEARCH_USER_PATHS = NO;
				CLANG_CXX_LANGUAGE_STANDARD = "gnu++0x";
				CLANG_CXX_LIBRARY = "libc++";
				CLANG_ENABLE_MODULES = YES;
				CLANG_ENABLE_OBJC_ARC = YES;
				CLANG_WARN_BOOL_CONVERSION = YES;
				CLANG_WARN_CONSTANT_CONVERSION = YES;
				CLANG_WARN_DIRECT_OBJC_ISA_USAGE = YES_ERROR;
				CLANG_WARN_EMPTY_BODY = YES;
				CLANG_WARN_ENUM_CONVERSION = YES;
				CLANG_WARN_INT_CONVERSION = YES;
				CLANG_WARN_OBJC_ROOT_CLASS = YES_ERROR;
				CLANG_WARN_UNREACHABLE_CODE = YES;
				CLANG_WARN__DUPLICATE_METHOD_MATCH = YES;
				"CODE_SIGN_IDENTITY[sdk=iphoneos*]" = "iPhone Developer";
				COPY_PHASE_STRIP = YES;
				ENABLE_NS_ASSERTIONS = NO;
				ENABLE_STRICT_OBJC_MSGSEND = YES;
				GCC_C_LANGUAGE_STANDARD = gnu99;
				GCC_WARN_64_TO_32_BIT_CONVERSION = YES;
				GCC_WARN_ABOUT_RETURN_TYPE = YES_ERROR;
				GCC_WARN_UNDECLARED_SELECTOR = YES;
				GCC_WARN_UNINITIALIZED_AUTOS = YES_AGGRESSIVE;
				GCC_WARN_UNUSED_FUNCTION = YES;
				GCC_WARN_UNUSED_VARIABLE = YES;
				IPHONEOS_DEPLOYMENT_TARGET = 8.1;
				MTL_ENABLE_DEBUG_INFO = NO;
				SDKROOT = iphoneos;
				TARGETED_DEVICE_FAMILY = "1,2";
				VALIDATE_PRODUCT = YES;
			};
			name = Release;
		};
		FB43F2E51A01082900F8DC8D /* Debug */ = {
			isa = XCBuildConfiguration;
			buildSettings = {
				ASSETCATALOG_COMPILER_APPICON_NAME = AppIcon;
				INFOPLIST_FILE = ShoeConverter/Info.plist;
				LD_RUNPATH_SEARCH_PATHS = "$(inherited) @executable_path/Frameworks";
				PRODUCT_NAME = "$(TARGET_NAME)";
			};
			name = Debug;
		};
		FB43F2E61A01082900F8DC8D /* Release */ = {
			isa = XCBuildConfiguration;
			buildSettings = {
				ASSETCATALOG_COMPILER_APPICON_NAME = AppIcon;
				INFOPLIST_FILE = ShoeConverter/Info.plist;
				LD_RUNPATH_SEARCH_PATHS = "$(inherited) @executable_path/Frameworks";
				PRODUCT_NAME = "$(TARGET_NAME)";
			};
			name = Release;
		};
		FB43F2E81A01082900F8DC8D /* Debug */ = {
			isa = XCBuildConfiguration;
			buildSettings = {
				BUNDLE_LOADER = "$(TEST_HOST)";
				FRAMEWORK_SEARCH_PATHS = (
					"$(SDKROOT)/Developer/Library/Frameworks",
					"$(inherited)",
				);
				GCC_PREPROCESSOR_DEFINITIONS = (
					"DEBUG=1",
					"$(inherited)",
				);
				INFOPLIST_FILE = ShoeConverterTests/Info.plist;
				LD_RUNPATH_SEARCH_PATHS = "$(inherited) @executable_path/Frameworks @loader_path/Frameworks";
				PRODUCT_NAME = "$(TARGET_NAME)";
				TEST_HOST = "$(BUILT_PRODUCTS_DIR)/ShoeConverter.app/ShoeConverter";
			};
			name = Debug;
		};
		FB43F2E91A01082900F8DC8D /* Release */ = {
			isa = XCBuildConfiguration;
			buildSettings = {
				BUNDLE_LOADER = "$(TEST_HOST)";
				FRAMEWORK_SEARCH_PATHS = (
					"$(SDKROOT)/Developer/Library/Frameworks",
					"$(inherited)",
				);
				INFOPLIST_FILE = ShoeConverterTests/Info.plist;
				LD_RUNPATH_SEARCH_PATHS = "$(inherited) @executable_path/Frameworks @loader_path/Frameworks";
				PRODUCT_NAME = "$(TARGET_NAME)";
				TEST_HOST = "$(BUILT_PRODUCTS_DIR)/ShoeConverter.app/ShoeConverter";
			};
			name = Release;
		};
/* End XCBuildConfiguration section */

/* Begin XCConfigurationList section */
		FB43F2C01A01082900F8DC8D /* Build configuration list for PBXProject "ShoeConverter" */ = {
			isa = XCConfigurationList;
			buildConfigurations = (
				FB43F2E21A01082900F8DC8D /* Debug */,
				FB43F2E31A01082900F8DC8D /* Release */,
			);
			defaultConfigurationIsVisible = 0;
			defaultConfigurationName = Release;
		};
		FB43F2E41A01082900F8DC8D /* Build configuration list for PBXNativeTarget "ShoeConverter" */ = {
			isa = XCConfigurationList;
			buildConfigurations = (
				FB43F2E51A01082900F8DC8D /* Debug */,
				FB43F2E61A01082900F8DC8D /* Release */,
			);
			defaultConfigurationIsVisible = 0;
		};
		FB43F2E71A01082900F8DC8D /* Build configuration list for PBXNativeTarget "ShoeConverterTests" */ = {
			isa = XCConfigurationList;
			buildConfigurations = (
				FB43F2E81A01082900F8DC8D /* Debug */,
				FB43F2E91A01082900F8DC8D /* Release */,
			);
			defaultConfigurationIsVisible = 0;
		};
/* End XCConfigurationList section */
	};
	rootObject = FB43F2BD1A01082900F8DC8D /* Project object */;
}
